# @generated - this file is auto-generated by `mise lock` https://mise.jdx.dev/dev-tools/mise-lock.html

[[tools.deno]]
version = "2.9.5"
backend = "core:deno"

[tools.deno."platforms.macos-arm64"]
checksum = "sha256:b796aadd131f6930560c1ee040cf0d6f53933fbb987464e9ff46bd7ea4830615"
url = "https://dl.deno.land/release/v2.9.5/deno-aarch64-apple-darwin.zip"

[tools.deno."platforms.macos-x64"]
checksum = "sha256:c1b8b89a81e91b2a8b3f96def3195d08cfe3a105651da7908d53061f7140510d"
url = "https://dl.deno.land/release/v2.9.5/deno-x86_64-apple-darwin.zip"
